
Microsoft Visual Studio Solution File, Format Version 12.00
# Visual Studio 15
VisualStudioVersion = 15.0.27130.2027
MinimumVisualStudioVersion = 10.0.40219.1
Project("{9A19103F-16F7-4668-BE54-9A1E7A4F7556}") = "AutoTagger.Contract", "AutoTagger.Contract\AutoTagger.Contract.csproj", "{30CB818B-0CE3-4ED7-81E8-1D3747748AD8}"
EndProject
Project("{9A19103F-16F7-4668-BE54-9A1E7A4F7556}") = "AutoTagger.ImageProcessor", "AutoTagger.Clarifai.Standard\AutoTagger.ImageProcessor.csproj", "{B4A4A168-DB3C-4172-A2C9-3F8ECC36DDCE}"
EndProject
Project("{9A19103F-16F7-4668-BE54-9A1E7A4F7556}") = "AutoTagger.TestConsole", "AutoTagger.TestConsole.Core\AutoTagger.TestConsole.csproj", "{2143633E-4EB3-4A24-AB13-41990006F5DE}"
EndProject
Project("{9A19103F-16F7-4668-BE54-9A1E7A4F7556}") = "AutoTagger.UserInterface", "AutoTagger.UserInterface\AutoTagger.UserInterface.csproj", "{FE997A72-9301-4031-A16C-D23F03F5EE19}"
EndProject
Project("{9A19103F-16F7-4668-BE54-9A1E7A4F7556}") = "AutoTagger.Crawler", "AutoTagger.Crawler.Standard\AutoTagger.Crawler.csproj", "{0DA86F10-EC95-433D-B634-722BECF35C39}"
EndProject
Project("{9A19103F-16F7-4668-BE54-9A1E7A4F7556}") = "AutoTagger.Test", "AutoTagger.Test.Core\AutoTagger.Test.csproj", "{40034217-4CFC-4E99-9352-BE14DE48D9CE}"
EndProject
Project("{9A19103F-16F7-4668-BE54-9A1E7A4F7556}") = "AutoTagger.ImageDownloader", "AutoTagger.ImageDownloader.Standard\AutoTagger.ImageDownloader.csproj", "{E64B6A95-B7AA-4331-94D2-3B3BA0F47B0A}"
EndProject
Project("{9A19103F-16F7-4668-BE54-9A1E7A4F7556}") = "AutoTagger.DiskFileHandling", "AutoTagger.FileHandling.Standard\AutoTagger.DiskFileHandling.csproj", "{89F3C03F-B0EB-417A-BF95-4A22929ECEEE}"
EndProject
Project("{9A19103F-16F7-4668-BE54-9A1E7A4F7556}") = "AutoTagger.Evaluation", "AutoTagger.Evaluation.Standard\AutoTagger.Evaluation.csproj", "{99136302-4952-4A65-A735-E9B7D6F7F973}"
EndProject
Project("{9A19103F-16F7-4668-BE54-9A1E7A4F7556}") = "AutoTagger.Common", "AutoTagger.Common.Standard\AutoTagger.Common.csproj", "{C49E6F1B-60D7-4083-A8ED-A9804F1CCF56}"
EndProject
Project("{9A19103F-16F7-4668-BE54-9A1E7A4F7556}") = "Instaq.TooGenericProcessor", "Instaq.TooGenericProcessor\Instaq.TooGenericProcessor.csproj", "{9487CE4D-EAA5-4FBD-BE18-F0ABCCE659E7}"
EndProject
Project("{9A19103F-16F7-4668-BE54-9A1E7A4F7556}") = "AutoTagger.Database", "AutoTagger.Database\AutoTagger.Database.csproj", "{B2DFB5C1-7FF3-4920-BC52-C361E3909476}"
EndProject
Project("{9A19103F-16F7-4668-BE54-9A1E7A4F7556}") = "Instaq.BlacklistImport", "Instaq.BlacklistImport\Instaq.BlacklistImport.csproj", "{BB36731E-B034-4AD4-96E8-FFEF1ECAB244}"
EndProject
Project("{FAE04EC0-301F-11D3-BF4B-00C04F79EFBC}") = "Instaq.BlacklistImport.Tests", "Instaq.BlacklistImport.Tests\Instaq.BlacklistImport.Tests.csproj", "{58EC69CE-A3D9-470D-B465-9A7B058B75B4}"
EndProject
Global
	GlobalSection(SolutionConfigurationPlatforms) = preSolution
		Debug|Any CPU = Debug|Any CPU
		Release|Any CPU = Release|Any CPU
	EndGlobalSection
	GlobalSection(ProjectConfigurationPlatforms) = postSolution
		{30CB818B-0CE3-4ED7-81E8-1D3747748AD8}.Debug|Any CPU.ActiveCfg = Debug|Any CPU
		{30CB818B-0CE3-4ED7-81E8-1D3747748AD8}.Debug|Any CPU.Build.0 = Debug|Any CPU
		{30CB818B-0CE3-4ED7-81E8-1D3747748AD8}.Release|Any CPU.ActiveCfg = Release|Any CPU
		{30CB818B-0CE3-4ED7-81E8-1D3747748AD8}.Release|Any CPU.Build.0 = Release|Any CPU
		{B4A4A168-DB3C-4172-A2C9-3F8ECC36DDCE}.Debug|Any CPU.ActiveCfg = Debug|Any CPU
		{B4A4A168-DB3C-4172-A2C9-3F8ECC36DDCE}.Debug|Any CPU.Build.0 = Debug|Any CPU
		{B4A4A168-DB3C-4172-A2C9-3F8ECC36DDCE}.Release|Any CPU.ActiveCfg = Release|Any CPU
		{B4A4A168-DB3C-4172-A2C9-3F8ECC36DDCE}.Release|Any CPU.Build.0 = Release|Any CPU
		{2143633E-4EB3-4A24-AB13-41990006F5DE}.Debug|Any CPU.ActiveCfg = Debug|Any CPU
		{2143633E-4EB3-4A24-AB13-41990006F5DE}.Debug|Any CPU.Build.0 = Debug|Any CPU
		{2143633E-4EB3-4A24-AB13-41990006F5DE}.Release|Any CPU.ActiveCfg = Release|Any CPU
		{2143633E-4EB3-4A24-AB13-41990006F5DE}.Release|Any CPU.Build.0 = Release|Any CPU
		{FE997A72-9301-4031-A16C-D23F03F5EE19}.Debug|Any CPU.ActiveCfg = Debug|Any CPU
		{FE997A72-9301-4031-A16C-D23F03F5EE19}.Debug|Any CPU.Build.0 = Debug|Any CPU
		{FE997A72-9301-4031-A16C-D23F03F5EE19}.Release|Any CPU.ActiveCfg = Release|Any CPU
		{FE997A72-9301-4031-A16C-D23F03F5EE19}.Release|Any CPU.Build.0 = Release|Any CPU
		{0DA86F10-EC95-433D-B634-722BECF35C39}.Debug|Any CPU.ActiveCfg = Debug|Any CPU
		{0DA86F10-EC95-433D-B634-722BECF35C39}.Debug|Any CPU.Build.0 = Debug|Any CPU
		{0DA86F10-EC95-433D-B634-722BECF35C39}.Release|Any CPU.ActiveCfg = Release|Any CPU
		{0DA86F10-EC95-433D-B634-722BECF35C39}.Release|Any CPU.Build.0 = Release|Any CPU
		{40034217-4CFC-4E99-9352-BE14DE48D9CE}.Debug|Any CPU.ActiveCfg = Debug|Any CPU
		{40034217-4CFC-4E99-9352-BE14DE48D9CE}.Debug|Any CPU.Build.0 = Debug|Any CPU
		{40034217-4CFC-4E99-9352-BE14DE48D9CE}.Release|Any CPU.ActiveCfg = Release|Any CPU
		{40034217-4CFC-4E99-9352-BE14DE48D9CE}.Release|Any CPU.Build.0 = Release|Any CPU
		{E64B6A95-B7AA-4331-94D2-3B3BA0F47B0A}.Debug|Any CPU.ActiveCfg = Debug|Any CPU
		{E64B6A95-B7AA-4331-94D2-3B3BA0F47B0A}.Debug|Any CPU.Build.0 = Debug|Any CPU
		{E64B6A95-B7AA-4331-94D2-3B3BA0F47B0A}.Release|Any CPU.ActiveCfg = Release|Any CPU
		{E64B6A95-B7AA-4331-94D2-3B3BA0F47B0A}.Release|Any CPU.Build.0 = Release|Any CPU
		{89F3C03F-B0EB-417A-BF95-4A22929ECEEE}.Debug|Any CPU.ActiveCfg = Debug|Any CPU
		{89F3C03F-B0EB-417A-BF95-4A22929ECEEE}.Debug|Any CPU.Build.0 = Debug|Any CPU
		{89F3C03F-B0EB-417A-BF95-4A22929ECEEE}.Release|Any CPU.ActiveCfg = Release|Any CPU
		{89F3C03F-B0EB-417A-BF95-4A22929ECEEE}.Release|Any CPU.Build.0 = Release|Any CPU
		{99136302-4952-4A65-A735-E9B7D6F7F973}.Debug|Any CPU.ActiveCfg = Debug|Any CPU
		{99136302-4952-4A65-A735-E9B7D6F7F973}.Debug|Any CPU.Build.0 = Debug|Any CPU
		{99136302-4952-4A65-A735-E9B7D6F7F973}.Release|Any CPU.ActiveCfg = Release|Any CPU
		{99136302-4952-4A65-A735-E9B7D6F7F973}.Release|Any CPU.Build.0 = Release|Any CPU
		{C49E6F1B-60D7-4083-A8ED-A9804F1CCF56}.Debug|Any CPU.ActiveCfg = Debug|Any CPU
		{C49E6F1B-60D7-4083-A8ED-A9804F1CCF56}.Debug|Any CPU.Build.0 = Debug|Any CPU
		{C49E6F1B-60D7-4083-A8ED-A9804F1CCF56}.Release|Any CPU.ActiveCfg = Release|Any CPU
		{C49E6F1B-60D7-4083-A8ED-A9804F1CCF56}.Release|Any CPU.Build.0 = Release|Any CPU
		{9487CE4D-EAA5-4FBD-BE18-F0ABCCE659E7}.Debug|Any CPU.ActiveCfg = Debug|Any CPU
		{9487CE4D-EAA5-4FBD-BE18-F0ABCCE659E7}.Debug|Any CPU.Build.0 = Debug|Any CPU
		{9487CE4D-EAA5-4FBD-BE18-F0ABCCE659E7}.Release|Any CPU.ActiveCfg = Release|Any CPU
		{9487CE4D-EAA5-4FBD-BE18-F0ABCCE659E7}.Release|Any CPU.Build.0 = Release|Any CPU
		{B2DFB5C1-7FF3-4920-BC52-C361E3909476}.Debug|Any CPU.ActiveCfg = Debug|Any CPU
		{B2DFB5C1-7FF3-4920-BC52-C361E3909476}.Debug|Any CPU.Build.0 = Debug|Any CPU
		{B2DFB5C1-7FF3-4920-BC52-C361E3909476}.Release|Any CPU.ActiveCfg = Release|Any CPU
		{B2DFB5C1-7FF3-4920-BC52-C361E3909476}.Release|Any CPU.Build.0 = Release|Any CPU
		{BB36731E-B034-4AD4-96E8-FFEF1ECAB244}.Debug|Any CPU.ActiveCfg = Debug|Any CPU
		{BB36731E-B034-4AD4-96E8-FFEF1ECAB244}.Debug|Any CPU.Build.0 = Debug|Any CPU
		{BB36731E-B034-4AD4-96E8-FFEF1ECAB244}.Release|Any CPU.ActiveCfg = Release|Any CPU
		{BB36731E-B034-4AD4-96E8-FFEF1ECAB244}.Release|Any CPU.Build.0 = Release|Any CPU
		{58EC69CE-A3D9-470D-B465-9A7B058B75B4}.Debug|Any CPU.ActiveCfg = Debug|Any CPU
		{58EC69CE-A3D9-470D-B465-9A7B058B75B4}.Debug|Any CPU.Build.0 = Debug|Any CPU
		{58EC69CE-A3D9-470D-B465-9A7B058B75B4}.Release|Any CPU.ActiveCfg = Release|Any CPU
		{58EC69CE-A3D9-470D-B465-9A7B058B75B4}.Release|Any CPU.Build.0 = Release|Any CPU
	EndGlobalSection
	GlobalSection(SolutionProperties) = preSolution
		HideSolutionNode = FALSE
	EndGlobalSection
	GlobalSection(ExtensibilityGlobals) = postSolution
		SolutionGuid = {24300CB1-169E-4BA6-A152-65B787E8CD9B}
	EndGlobalSection
EndGlobal
